// !$*UTF8*$!
{
	archiveVersion = 1;
	classes = {
	};
	objectVersion = 55;
	objects = {

/* Begin PBXBuildFile section */
		1801DE5926FDD67A0047D10D /* Tab.swift in Sources */ = {isa = PBXBuildFile; fileRef = 1801DE5826FDD67A0047D10D /* Tab.swift */; };
		1801DE5B26FE05080047D10D /* TilesetBlobViewTile.swift in Sources */ = {isa = PBXBuildFile; fileRef = 1801DE5A26FE05080047D10D /* TilesetBlobViewTile.swift */; };
		1801DE5D26FE05D60047D10D /* SurfaceMaterial.swift in Sources */ = {isa = PBXBuildFile; fileRef = 1801DE5C26FE05D60047D10D /* SurfaceMaterial.swift */; };
		1801DE5F26FE1A530047D10D /* TilemapExportOperation.swift in Sources */ = {isa = PBXBuildFile; fileRef = 1801DE5E26FE1A530047D10D /* TilemapExportOperation.swift */; };
		1801DE6126FF4F8A0047D10D /* TilesetExportOperation.swift in Sources */ = {isa = PBXBuildFile; fileRef = 1801DE6026FF4F8A0047D10D /* TilesetExportOperation.swift */; };
		1801DE6326FF53780047D10D /* GenericTile.swift in Sources */ = {isa = PBXBuildFile; fileRef = 1801DE6226FF53780047D10D /* GenericTile.swift */; };
		1801DE6526FF54040047D10D /* ImageExportOperation.swift in Sources */ = {isa = PBXBuildFile; fileRef = 1801DE6426FF54040047D10D /* ImageExportOperation.swift */; };
		1801DE6926FF8B8E0047D10D /* TileExportOperation.swift in Sources */ = {isa = PBXBuildFile; fileRef = 1801DE6826FF8B8E0047D10D /* TileExportOperation.swift */; };
		1801DE6B26FF957D0047D10D /* TileEncodingOperation.swift in Sources */ = {isa = PBXBuildFile; fileRef = 1801DE6A26FF957D0047D10D /* TileEncodingOperation.swift */; };
		1801EA9D26FCE9A000E5CA86 /* Tileset.swift in Sources */ = {isa = PBXBuildFile; fileRef = 1801EA9C26FCE9A000E5CA86 /* Tileset.swift */; };
		180B603B26FC7E34005304D1 /* PeakOperation in Frameworks */ = {isa = PBXBuildFile; productRef = 180B603A26FC7E34005304D1 /* PeakOperation */; };
		180B603E26FC7E5F005304D1 /* TilesetImportOperation.swift in Sources */ = {isa = PBXBuildFile; fileRef = 180B603D26FC7E5F005304D1 /* TilesetImportOperation.swift */; };
		180B604026FC89A4005304D1 /* TilesetTileImportOperation.swift in Sources */ = {isa = PBXBuildFile; fileRef = 180B603F26FC89A4005304D1 /* TilesetTileImportOperation.swift */; };
		180B604226FC95DE005304D1 /* Error.swift in Sources */ = {isa = PBXBuildFile; fileRef = 180B604126FC95DE005304D1 /* Error.swift */; };
		180B604426FCABB3005304D1 /* TilesetScrollView.swift in Sources */ = {isa = PBXBuildFile; fileRef = 180B604326FCABB3005304D1 /* TilesetScrollView.swift */; };
		180B604826FCBAC9005304D1 /* TilesetTile.swift in Sources */ = {isa = PBXBuildFile; fileRef = 180B604726FCBAC9005304D1 /* TilesetTile.swift */; };
		180B604A26FCC0CF005304D1 /* TilesetScrollViewTile.swift in Sources */ = {isa = PBXBuildFile; fileRef = 180B604926FCC0CF005304D1 /* TilesetScrollViewTile.swift */; };
		18472F5C270888F500017BAF /* FocusedValues.swift in Sources */ = {isa = PBXBuildFile; fileRef = 18472F5B270888F500017BAF /* FocusedValues.swift */; };
		18540B5726FC750100D5E874 /* SidebarItemView.swift in Sources */ = {isa = PBXBuildFile; fileRef = 18540B5626FC750100D5E874 /* SidebarItemView.swift */; };
		18540B5A26FC753500D5E874 /* BadgeView.swift in Sources */ = {isa = PBXBuildFile; fileRef = 18540B5926FC753500D5E874 /* BadgeView.swift */; };
		18540B5C26FC756400D5E874 /* SidebarItemModel.swift in Sources */ = {isa = PBXBuildFile; fileRef = 18540B5B26FC756400D5E874 /* SidebarItemModel.swift */; };
		18540B5E26FC758700D5E874 /* BadgeModel.swift in Sources */ = {isa = PBXBuildFile; fileRef = 18540B5D26FC758700D5E874 /* BadgeModel.swift */; };
		18540B6126FC75B600D5E874 /* TilesetBlobView.swift in Sources */ = {isa = PBXBuildFile; fileRef = 18540B6026FC75B600D5E874 /* TilesetBlobView.swift */; };
		1858157426FB554D00BEA637 /* FurrowApp.swift in Sources */ = {isa = PBXBuildFile; fileRef = 1858157326FB554D00BEA637 /* FurrowApp.swift */; };
		1858157626FB554D00BEA637 /* Document.swift in Sources */ = {isa = PBXBuildFile; fileRef = 1858157526FB554D00BEA637 /* Document.swift */; };
		1858157826FB554D00BEA637 /* AppView.swift in Sources */ = {isa = PBXBuildFile; fileRef = 1858157726FB554D00BEA637 /* AppView.swift */; };
		1858157A26FB554E00BEA637 /* Assets.xcassets in Resources */ = {isa = PBXBuildFile; fileRef = 1858157926FB554E00BEA637 /* Assets.xcassets */; };
		1858158826FB559300BEA637 /* SidebarView.swift in Sources */ = {isa = PBXBuildFile; fileRef = 1858158726FB559300BEA637 /* SidebarView.swift */; };
		1858158A26FB564400BEA637 /* TilesetView.swift in Sources */ = {isa = PBXBuildFile; fileRef = 1858158926FB564400BEA637 /* TilesetView.swift */; };
		1858158C26FB5DDB00BEA637 /* AppViewModel.swift in Sources */ = {isa = PBXBuildFile; fileRef = 1858158B26FB5DDB00BEA637 /* AppViewModel.swift */; };
		18598F0726FB609D00A65A3B /* Meadow in Frameworks */ = {isa = PBXBuildFile; productRef = 18598F0626FB609D00A65A3B /* Meadow */; };
		18598F0A26FB653F00A65A3B /* SurfaceOverlay.swift in Sources */ = {isa = PBXBuildFile; fileRef = 18598F0926FB653F00A65A3B /* SurfaceOverlay.swift */; };
		18598F0C26FB6A4800A65A3B /* FootpathTileType.swift in Sources */ = {isa = PBXBuildFile; fileRef = 18598F0B26FB6A4800A65A3B /* FootpathTileType.swift */; };
		18598F1026FC5A7300A65A3B /* Tilemap.swift in Sources */ = {isa = PBXBuildFile; fileRef = 18598F0F26FC5A7300A65A3B /* Tilemap.swift */; };
		18598F1326FC67FA00A65A3B /* SurfaceTileset.swift in Sources */ = {isa = PBXBuildFile; fileRef = 18598F1226FC67FA00A65A3B /* SurfaceTileset.swift */; };
		18598F1526FC685500A65A3B /* SurfaceTile.swift in Sources */ = {isa = PBXBuildFile; fileRef = 18598F1426FC685500A65A3B /* SurfaceTile.swift */; };
		18598F1726FC6D4C00A65A3B /* FootpathTileset.swift in Sources */ = {isa = PBXBuildFile; fileRef = 18598F1626FC6D4C00A65A3B /* FootpathTileset.swift */; };
		18598F1926FC6D6500A65A3B /* FootpathTile.swift in Sources */ = {isa = PBXBuildFile; fileRef = 18598F1826FC6D6500A65A3B /* FootpathTile.swift */; };
		187CEA192703424A00506B05 /* Harvest in Frameworks */ = {isa = PBXBuildFile; productRef = 187CEA182703424A00506B05 /* Harvest */; };
		187CEA1B2703589400506B05 /* PDFOperation.swift in Sources */ = {isa = PBXBuildFile; fileRef = 187CEA1A2703589400506B05 /* PDFOperation.swift */; };
		187FE82E270090480026A4EB /* WriteOperation.swift in Sources */ = {isa = PBXBuildFile; fileRef = 187FE82D270090480026A4EB /* WriteOperation.swift */; };
		187FE8302700AEE90026A4EB /* AddTilesView.swift in Sources */ = {isa = PBXBuildFile; fileRef = 187FE82F2700AEE90026A4EB /* AddTilesView.swift */; };
		187FE8322700B7080026A4EB /* ButtonStyle.swift in Sources */ = {isa = PBXBuildFile; fileRef = 187FE8312700B7080026A4EB /* ButtonStyle.swift */; };
		18A7E856270889EC00F65815 /* ExportCommand.swift in Sources */ = {isa = PBXBuildFile; fileRef = 18A7E855270889EC00F65815 /* ExportCommand.swift */; };
/* End PBXBuildFile section */

/* Begin PBXFileReference section */
		1801DE5826FDD67A0047D10D /* Tab.swift */ = {isa = PBXFileReference; lastKnownFileType = sourcecode.swift; path = Tab.swift; sourceTree = "<group>"; };
		1801DE5A26FE05080047D10D /* TilesetBlobViewTile.swift */ = {isa = PBXFileReference; lastKnownFileType = sourcecode.swift; path = TilesetBlobViewTile.swift; sourceTree = "<group>"; };
		1801DE5C26FE05D60047D10D /* SurfaceMaterial.swift */ = {isa = PBXFileReference; lastKnownFileType = sourcecode.swift; path = SurfaceMaterial.swift; sourceTree = "<group>"; };
		1801DE5E26FE1A530047D10D /* TilemapExportOperation.swift */ = {isa = PBXFileReference; lastKnownFileType = sourcecode.swift; path = TilemapExportOperation.swift; sourceTree = "<group>"; };
		1801DE6026FF4F8A0047D10D /* TilesetExportOperation.swift */ = {isa = PBXFileReference; lastKnownFileType = sourcecode.swift; path = TilesetExportOperation.swift; sourceTree = "<group>"; };
		1801DE6226FF53780047D10D /* GenericTile.swift */ = {isa = PBXFileReference; lastKnownFileType = sourcecode.swift; path = GenericTile.swift; sourceTree = "<group>"; };
		1801DE6426FF54040047D10D /* ImageExportOperation.swift */ = {isa = PBXFileReference; lastKnownFileType = sourcecode.swift; path = ImageExportOperation.swift; sourceTree = "<group>"; };
		1801DE6826FF8B8E0047D10D /* TileExportOperation.swift */ = {isa = PBXFileReference; lastKnownFileType = sourcecode.swift; path = TileExportOperation.swift; sourceTree = "<group>"; };
		1801DE6A26FF957D0047D10D /* TileEncodingOperation.swift */ = {isa = PBXFileReference; lastKnownFileType = sourcecode.swift; path = TileEncodingOperation.swift; sourceTree = "<group>"; };
		1801EA9C26FCE9A000E5CA86 /* Tileset.swift */ = {isa = PBXFileReference; lastKnownFileType = sourcecode.swift; path = Tileset.swift; sourceTree = "<group>"; };
		180B603D26FC7E5F005304D1 /* TilesetImportOperation.swift */ = {isa = PBXFileReference; lastKnownFileType = sourcecode.swift; path = TilesetImportOperation.swift; sourceTree = "<group>"; };
		180B603F26FC89A4005304D1 /* TilesetTileImportOperation.swift */ = {isa = PBXFileReference; lastKnownFileType = sourcecode.swift; path = TilesetTileImportOperation.swift; sourceTree = "<group>"; };
		180B604126FC95DE005304D1 /* Error.swift */ = {isa = PBXFileReference; lastKnownFileType = sourcecode.swift; path = Error.swift; sourceTree = "<group>"; };
		180B604326FCABB3005304D1 /* TilesetScrollView.swift */ = {isa = PBXFileReference; lastKnownFileType = sourcecode.swift; path = TilesetScrollView.swift; sourceTree = "<group>"; };
		180B604726FCBAC9005304D1 /* TilesetTile.swift */ = {isa = PBXFileReference; lastKnownFileType = sourcecode.swift; path = TilesetTile.swift; sourceTree = "<group>"; };
		180B604926FCC0CF005304D1 /* TilesetScrollViewTile.swift */ = {isa = PBXFileReference; lastKnownFileType = sourcecode.swift; path = TilesetScrollViewTile.swift; sourceTree = "<group>"; };
		18472F5B270888F500017BAF /* FocusedValues.swift */ = {isa = PBXFileReference; lastKnownFileType = sourcecode.swift; path = FocusedValues.swift; sourceTree = "<group>"; };
		18540B5626FC750100D5E874 /* SidebarItemView.swift */ = {isa = PBXFileReference; lastKnownFileType = sourcecode.swift; path = SidebarItemView.swift; sourceTree = "<group>"; };
		18540B5926FC753500D5E874 /* BadgeView.swift */ = {isa = PBXFileReference; lastKnownFileType = sourcecode.swift; path = BadgeView.swift; sourceTree = "<group>"; };
		18540B5B26FC756400D5E874 /* SidebarItemModel.swift */ = {isa = PBXFileReference; lastKnownFileType = sourcecode.swift; path = SidebarItemModel.swift; sourceTree = "<group>"; };
		18540B5D26FC758700D5E874 /* BadgeModel.swift */ = {isa = PBXFileReference; lastKnownFileType = sourcecode.swift; path = BadgeModel.swift; sourceTree = "<group>"; };
		18540B6026FC75B600D5E874 /* TilesetBlobView.swift */ = {isa = PBXFileReference; lastKnownFileType = sourcecode.swift; name = TilesetBlobView.swift; path = Furrow/Views/Tileset/TilesetBlobView.swift; sourceTree = SOURCE_ROOT; };
		1858157026FB554D00BEA637 /* Furrow.app */ = {isa = PBXFileReference; explicitFileType = wrapper.application; includeInIndex = 0; path = Furrow.app; sourceTree = BUILT_PRODUCTS_DIR; };
		1858157326FB554D00BEA637 /* FurrowApp.swift */ = {isa = PBXFileReference; lastKnownFileType = sourcecode.swift; path = FurrowApp.swift; sourceTree = "<group>"; };
		1858157526FB554D00BEA637 /* Document.swift */ = {isa = PBXFileReference; lastKnownFileType = sourcecode.swift; path = Document.swift; sourceTree = "<group>"; };
		1858157726FB554D00BEA637 /* AppView.swift */ = {isa = PBXFileReference; lastKnownFileType = sourcecode.swift; path = AppView.swift; sourceTree = "<group>"; };
		1858157926FB554E00BEA637 /* Assets.xcassets */ = {isa = PBXFileReference; lastKnownFileType = folder.assetcatalog; path = Assets.xcassets; sourceTree = "<group>"; };
		1858157E26FB554E00BEA637 /* Info.plist */ = {isa = PBXFileReference; lastKnownFileType = text.plist.xml; path = Info.plist; sourceTree = "<group>"; };
		1858157F26FB554E00BEA637 /* Furrow.entitlements */ = {isa = PBXFileReference; lastKnownFileType = text.plist.entitlements; path = Furrow.entitlements; sourceTree = "<group>"; };
		1858158726FB559300BEA637 /* SidebarView.swift */ = {isa = PBXFileReference; lastKnownFileType = sourcecode.swift; path = SidebarView.swift; sourceTree = "<group>"; };
		1858158926FB564400BEA637 /* TilesetView.swift */ = {isa = PBXFileReference; lastKnownFileType = sourcecode.swift; path = TilesetView.swift; sourceTree = "<group>"; };
		1858158B26FB5DDB00BEA637 /* AppViewModel.swift */ = {isa = PBXFileReference; lastKnownFileType = sourcecode.swift; path = AppViewModel.swift; sourceTree = "<group>"; };
		18598F0426FB608800A65A3B /* Meadow */ = {isa = PBXFileReference; lastKnownFileType = folder; name = Meadow; path = ../Meadow; sourceTree = "<group>"; };
		18598F0926FB653F00A65A3B /* SurfaceOverlay.swift */ = {isa = PBXFileReference; lastKnownFileType = sourcecode.swift; path = SurfaceOverlay.swift; sourceTree = "<group>"; };
		18598F0B26FB6A4800A65A3B /* FootpathTileType.swift */ = {isa = PBXFileReference; lastKnownFileType = sourcecode.swift; path = FootpathTileType.swift; sourceTree = "<group>"; };
		18598F0F26FC5A7300A65A3B /* Tilemap.swift */ = {isa = PBXFileReference; lastKnownFileType = sourcecode.swift; path = Tilemap.swift; sourceTree = "<group>"; };
		18598F1226FC67FA00A65A3B /* SurfaceTileset.swift */ = {isa = PBXFileReference; lastKnownFileType = sourcecode.swift; path = SurfaceTileset.swift; sourceTree = "<group>"; };
		18598F1426FC685500A65A3B /* SurfaceTile.swift */ = {isa = PBXFileReference; lastKnownFileType = sourcecode.swift; path = SurfaceTile.swift; sourceTree = "<group>"; };
		18598F1626FC6D4C00A65A3B /* FootpathTileset.swift */ = {isa = PBXFileReference; lastKnownFileType = sourcecode.swift; path = FootpathTileset.swift; sourceTree = "<group>"; };
		18598F1826FC6D6500A65A3B /* FootpathTile.swift */ = {isa = PBXFileReference; lastKnownFileType = sourcecode.swift; path = FootpathTile.swift; sourceTree = "<group>"; };
		187CEA172703423F00506B05 /* Harvest */ = {isa = PBXFileReference; lastKnownFileType = folder; name = Harvest; path = ../Harvest; sourceTree = "<group>"; };
		187CEA1A2703589400506B05 /* PDFOperation.swift */ = {isa = PBXFileReference; lastKnownFileType = sourcecode.swift; path = PDFOperation.swift; sourceTree = "<group>"; };
		187FE82D270090480026A4EB /* WriteOperation.swift */ = {isa = PBXFileReference; lastKnownFileType = sourcecode.swift; path = WriteOperation.swift; sourceTree = "<group>"; };
		187FE82F2700AEE90026A4EB /* AddTilesView.swift */ = {isa = PBXFileReference; lastKnownFileType = sourcecode.swift; path = AddTilesView.swift; sourceTree = "<group>"; };
		187FE8312700B7080026A4EB /* ButtonStyle.swift */ = {isa = PBXFileReference; lastKnownFileType = sourcecode.swift; path = ButtonStyle.swift; sourceTree = "<group>"; };
		18A7E855270889EC00F65815 /* ExportCommand.swift */ = {isa = PBXFileReference; lastKnownFileType = sourcecode.swift; path = ExportCommand.swift; sourceTree = "<group>"; };
/* End PBXFileReference section */

/* Begin PBXFrameworksBuildPhase section */
		1858156D26FB554C00BEA637 /* Frameworks */ = {
			isa = PBXFrameworksBuildPhase;
			buildActionMask = 2147483647;
			files = (
				187CEA192703424A00506B05 /* Harvest in Frameworks */,
				18598F0726FB609D00A65A3B /* Meadow in Frameworks */,
				180B603B26FC7E34005304D1 /* PeakOperation in Frameworks */,
			);
			runOnlyForDeploymentPostprocessing = 0;
		};
/* End PBXFrameworksBuildPhase section */

/* Begin PBXGroup section */
		1801DE6626FF8B810047D10D /* Import */ = {
			isa = PBXGroup;
			children = (
				180B603D26FC7E5F005304D1 /* TilesetImportOperation.swift */,
				180B603F26FC89A4005304D1 /* TilesetTileImportOperation.swift */,
			);
			path = Import;
			sourceTree = "<group>";
		};
		1801DE6726FF8B870047D10D /* Export */ = {
			isa = PBXGroup;
			children = (
				1801DE6826FF8B8E0047D10D /* TileExportOperation.swift */,
				1801DE5E26FE1A530047D10D /* TilemapExportOperation.swift */,
				1801DE6026FF4F8A0047D10D /* TilesetExportOperation.swift */,
				1801DE6426FF54040047D10D /* ImageExportOperation.swift */,
				1801DE6A26FF957D0047D10D /* TileEncodingOperation.swift */,
				187FE82D270090480026A4EB /* WriteOperation.swift */,
				187CEA1A2703589400506B05 /* PDFOperation.swift */,
			);
			path = Export;
			sourceTree = "<group>";
		};
		180B603C26FC7E4D005304D1 /* Operations */ = {
			isa = PBXGroup;
			children = (
				1801DE6726FF8B870047D10D /* Export */,
				1801DE6626FF8B810047D10D /* Import */,
			);
			path = Operations;
			sourceTree = "<group>";
		};
		18540B5526FC74F300D5E874 /* Sidebar */ = {
			isa = PBXGroup;
			children = (
				18540B5626FC750100D5E874 /* SidebarItemView.swift */,
				1858158726FB559300BEA637 /* SidebarView.swift */,
			);
			path = Sidebar;
			sourceTree = "<group>";
		};
		18540B5826FC752C00D5E874 /* Badge */ = {
			isa = PBXGroup;
			children = (
				18540B5926FC753500D5E874 /* BadgeView.swift */,
			);
			path = Badge;
			sourceTree = "<group>";
		};
		18540B5F26FC75A600D5E874 /* Tileset */ = {
			isa = PBXGroup;
			children = (
				18540B6026FC75B600D5E874 /* TilesetBlobView.swift */,
				180B604326FCABB3005304D1 /* TilesetScrollView.swift */,
				180B604926FCC0CF005304D1 /* TilesetScrollViewTile.swift */,
				1858158926FB564400BEA637 /* TilesetView.swift */,
				1801DE5A26FE05080047D10D /* TilesetBlobViewTile.swift */,
				187FE82F2700AEE90026A4EB /* AddTilesView.swift */,
			);
			path = Tileset;
			sourceTree = "<group>";
		};
		1858156726FB554C00BEA637 = {
			isa = PBXGroup;
			children = (
				187CEA172703423F00506B05 /* Harvest */,
				18598F0426FB608800A65A3B /* Meadow */,
				1858157226FB554D00BEA637 /* Furrow */,
				1858157126FB554D00BEA637 /* Products */,
				18598F0526FB609D00A65A3B /* Frameworks */,
			);
			sourceTree = "<group>";
		};
		1858157126FB554D00BEA637 /* Products */ = {
			isa = PBXGroup;
			children = (
				1858157026FB554D00BEA637 /* Furrow.app */,
			);
			name = Products;
			sourceTree = "<group>";
		};
		1858157226FB554D00BEA637 /* Furrow */ = {
			isa = PBXGroup;
			children = (
				1858157926FB554E00BEA637 /* Assets.xcassets */,
				1858157526FB554D00BEA637 /* Document.swift */,
				18598F0826FB653300A65A3B /* Extensions */,
				1858157F26FB554E00BEA637 /* Furrow.entitlements */,
				1858157326FB554D00BEA637 /* FurrowApp.swift */,
				1858157E26FB554E00BEA637 /* Info.plist */,
				180B603C26FC7E4D005304D1 /* Operations */,
				1801DE5826FDD67A0047D10D /* Tab.swift */,
				18598F1126FC5B1300A65A3B /* Tilemap */,
				1858158526FB555C00BEA637 /* View Models */,
				1858158626FB556400BEA637 /* Views */,
			);
			path = Furrow;
			sourceTree = "<group>";
		};
		1858158526FB555C00BEA637 /* View Models */ = {
			isa = PBXGroup;
			children = (
				1858158B26FB5DDB00BEA637 /* AppViewModel.swift */,
				18540B5D26FC758700D5E874 /* BadgeModel.swift */,
				18540B5B26FC756400D5E874 /* SidebarItemModel.swift */,
			);
			path = "View Models";
			sourceTree = "<group>";
		};
		1858158626FB556400BEA637 /* Views */ = {
			isa = PBXGroup;
			children = (
				1858157726FB554D00BEA637 /* AppView.swift */,
				18540B5826FC752C00D5E874 /* Badge */,
				18540B5526FC74F300D5E874 /* Sidebar */,
				18540B5F26FC75A600D5E874 /* Tileset */,
				18A7E855270889EC00F65815 /* ExportCommand.swift */,
			);
			path = Views;
			sourceTree = "<group>";
		};
		18598F0526FB609D00A65A3B /* Frameworks */ = {
			isa = PBXGroup;
			children = (
			);
			name = Frameworks;
			sourceTree = "<group>";
		};
		18598F0826FB653300A65A3B /* Extensions */ = {
			isa = PBXGroup;
			children = (
				180B604126FC95DE005304D1 /* Error.swift */,
				18598F0B26FB6A4800A65A3B /* FootpathTileType.swift */,
				18598F0926FB653F00A65A3B /* SurfaceOverlay.swift */,
				1801DE5C26FE05D60047D10D /* SurfaceMaterial.swift */,
				187FE8312700B7080026A4EB /* ButtonStyle.swift */,
				18472F5B270888F500017BAF /* FocusedValues.swift */,
			);
			path = Extensions;
			sourceTree = "<group>";
		};
		18598F1126FC5B1300A65A3B /* Tilemap */ = {
			isa = PBXGroup;
			children = (
				18598F1826FC6D6500A65A3B /* FootpathTile.swift */,
				18598F1626FC6D4C00A65A3B /* FootpathTileset.swift */,
				18598F1426FC685500A65A3B /* SurfaceTile.swift */,
				18598F1226FC67FA00A65A3B /* SurfaceTileset.swift */,
				18598F0F26FC5A7300A65A3B /* Tilemap.swift */,
				1801EA9C26FCE9A000E5CA86 /* Tileset.swift */,
				180B604726FCBAC9005304D1 /* TilesetTile.swift */,
				1801DE6226FF53780047D10D /* GenericTile.swift */,
			);
			path = Tilemap;
			sourceTree = "<group>";
		};
/* End PBXGroup section */

/* Begin PBXNativeTarget section */
		1858156F26FB554C00BEA637 /* Furrow */ = {
			isa = PBXNativeTarget;
			buildConfigurationList = 1858158226FB554E00BEA637 /* Build configuration list for PBXNativeTarget "Furrow" */;
			buildPhases = (
				1858156C26FB554C00BEA637 /* Sources */,
				1858156D26FB554C00BEA637 /* Frameworks */,
				1858156E26FB554C00BEA637 /* Resources */,
			);
			buildRules = (
			);
			dependencies = (
			);
			name = Furrow;
			packageProductDependencies = (
				18598F0626FB609D00A65A3B /* Meadow */,
				180B603A26FC7E34005304D1 /* PeakOperation */,
				187CEA182703424A00506B05 /* Harvest */,
			);
			productName = Furrow;
			productReference = 1858157026FB554D00BEA637 /* Furrow.app */;
			productType = "com.apple.product-type.application";
		};
/* End PBXNativeTarget section */

/* Begin PBXProject section */
		1858156826FB554C00BEA637 /* Project object */ = {
			isa = PBXProject;
			attributes = {
				BuildIndependentTargetsInParallel = 1;
				LastSwiftUpdateCheck = 1300;
				LastUpgradeCheck = 1300;
				TargetAttributes = {
					1858156F26FB554C00BEA637 = {
						CreatedOnToolsVersion = 13.0;
					};
				};
			};
			buildConfigurationList = 1858156B26FB554C00BEA637 /* Build configuration list for PBXProject "Furrow" */;
			compatibilityVersion = "Xcode 13.0";
			developmentRegion = en;
			hasScannedForEncodings = 0;
			knownRegions = (
				en,
				Base,
			);
			mainGroup = 1858156726FB554C00BEA637;
			packageReferences = (
				180B603926FC7E34005304D1 /* XCRemoteSwiftPackageReference "PeakOperation" */,
			);
			productRefGroup = 1858157126FB554D00BEA637 /* Products */;
			projectDirPath = "";
			projectRoot = "";
			targets = (
				1858156F26FB554C00BEA637 /* Furrow */,
			);
		};
/* End PBXProject section */

/* Begin PBXResourcesBuildPhase section */
		1858156E26FB554C00BEA637 /* Resources */ = {
			isa = PBXResourcesBuildPhase;
			buildActionMask = 2147483647;
			files = (
				1858157A26FB554E00BEA637 /* Assets.xcassets in Resources */,
			);
			runOnlyForDeploymentPostprocessing = 0;
		};
/* End PBXResourcesBuildPhase section */

/* Begin PBXSourcesBuildPhase section */
		1858156C26FB554C00BEA637 /* Sources */ = {
			isa = PBXSourcesBuildPhase;
			buildActionMask = 2147483647;
			files = (
				18540B6126FC75B600D5E874 /* TilesetBlobView.swift in Sources */,
				1801DE6926FF8B8E0047D10D /* TileExportOperation.swift in Sources */,
				1801DE6326FF53780047D10D /* GenericTile.swift in Sources */,
				18472F5C270888F500017BAF /* FocusedValues.swift in Sources */,
				1858157426FB554D00BEA637 /* FurrowApp.swift in Sources */,
				180B604A26FCC0CF005304D1 /* TilesetScrollViewTile.swift in Sources */,
				187FE82E270090480026A4EB /* WriteOperation.swift in Sources */,
				1801DE6526FF54040047D10D /* ImageExportOperation.swift in Sources */,
				1801EA9D26FCE9A000E5CA86 /* Tileset.swift in Sources */,
				1858158826FB559300BEA637 /* SidebarView.swift in Sources */,
				18540B5726FC750100D5E874 /* SidebarItemView.swift in Sources */,
				187CEA1B2703589400506B05 /* PDFOperation.swift in Sources */,
				1801DE6126FF4F8A0047D10D /* TilesetExportOperation.swift in Sources */,
				1858158C26FB5DDB00BEA637 /* AppViewModel.swift in Sources */,
				1801DE5F26FE1A530047D10D /* TilemapExportOperation.swift in Sources */,
				18A7E856270889EC00F65815 /* ExportCommand.swift in Sources */,
				1801DE5926FDD67A0047D10D /* Tab.swift in Sources */,
				18598F0A26FB653F00A65A3B /* SurfaceOverlay.swift in Sources */,
				18598F1326FC67FA00A65A3B /* SurfaceTileset.swift in Sources */,
				180B603E26FC7E5F005304D1 /* TilesetImportOperation.swift in Sources */,
				18540B5A26FC753500D5E874 /* BadgeView.swift in Sources */,
				18540B5C26FC756400D5E874 /* SidebarItemModel.swift in Sources */,
				180B604026FC89A4005304D1 /* TilesetTileImportOperation.swift in Sources */,
				1801DE6B26FF957D0047D10D /* TileEncodingOperation.swift in Sources */,
				18540B5E26FC758700D5E874 /* BadgeModel.swift in Sources */,
				187FE8302700AEE90026A4EB /* AddTilesView.swift in Sources */,
				18598F1026FC5A7300A65A3B /* Tilemap.swift in Sources */,
				1801DE5D26FE05D60047D10D /* SurfaceMaterial.swift in Sources */,
				1801DE5B26FE05080047D10D /* TilesetBlobViewTile.swift in Sources */,
				18598F1526FC685500A65A3B /* SurfaceTile.swift in Sources */,
				1858158A26FB564400BEA637 /* TilesetView.swift in Sources */,
				1858157626FB554D00BEA637 /* Document.swift in Sources */,
				180B604426FCABB3005304D1 /* TilesetScrollView.swift in Sources */,
				18598F0C26FB6A4800A65A3B /* FootpathTileType.swift in Sources */,
				187FE8322700B7080026A4EB /* ButtonStyle.swift in Sources */,
				1858157826FB554D00BEA637 /* AppView.swift in Sources */,
				18598F1726FC6D4C00A65A3B /* FootpathTileset.swift in Sources */,
				180B604226FC95DE005304D1 /* Error.swift in Sources */,
				180B604826FCBAC9005304D1 /* TilesetTile.swift in Sources */,
				18598F1926FC6D6500A65A3B /* FootpathTile.swift in Sources */,
			);
			runOnlyForDeploymentPostprocessing = 0;
		};
/* End PBXSourcesBuildPhase section */

/* Begin XCBuildConfiguration section */
		1858158026FB554E00BEA637 /* Debug */ = {
			isa = XCBuildConfiguration;
			buildSettings = {
				ALWAYS_SEARCH_USER_PATHS = NO;
				CLANG_ANALYZER_NONNULL = YES;
				CLANG_ANALYZER_NUMBER_OBJECT_CONVERSION = YES_AGGRESSIVE;
				CLANG_CXX_LANGUAGE_STANDARD = "gnu++17";
				CLANG_CXX_LIBRARY = "libc++";
				CLANG_ENABLE_MODULES = YES;
				CLANG_ENABLE_OBJC_ARC = YES;
				CLANG_ENABLE_OBJC_WEAK = YES;
				CLANG_WARN_BLOCK_CAPTURE_AUTORELEASING = YES;
				CLANG_WARN_BOOL_CONVERSION = YES;
				CLANG_WARN_COMMA = YES;
				CLANG_WARN_CONSTANT_CONVERSION = YES;
				CLANG_WARN_DEPRECATED_OBJC_IMPLEMENTATIONS = YES;
				CLANG_WARN_DIRECT_OBJC_ISA_USAGE = YES_ERROR;
				CLANG_WARN_DOCUMENTATION_COMMENTS = YES;
				CLANG_WARN_EMPTY_BODY = YES;
				CLANG_WARN_ENUM_CONVERSION = YES;
				CLANG_WARN_INFINITE_RECURSION = YES;
				CLANG_WARN_INT_CONVERSION = YES;
				CLANG_WARN_NON_LITERAL_NULL_CONVERSION = YES;
				CLANG_WARN_OBJC_IMPLICIT_RETAIN_SELF = YES;
				CLANG_WARN_OBJC_LITERAL_CONVERSION = YES;
				CLANG_WARN_OBJC_ROOT_CLASS = YES_ERROR;
				CLANG_WARN_QUOTED_INCLUDE_IN_FRAMEWORK_HEADER = YES;
				CLANG_WARN_RANGE_LOOP_ANALYSIS = YES;
				CLANG_WARN_STRICT_PROTOTYPES = YES;
				CLANG_WARN_SUSPICIOUS_MOVE = YES;
				CLANG_WARN_UNGUARDED_AVAILABILITY = YES_AGGRESSIVE;
				CLANG_WARN_UNREACHABLE_CODE = YES;
				CLANG_WARN__DUPLICATE_METHOD_MATCH = YES;
				COPY_PHASE_STRIP = NO;
				DEBUG_INFORMATION_FORMAT = dwarf;
				ENABLE_STRICT_OBJC_MSGSEND = YES;
				ENABLE_TESTABILITY = YES;
				GCC_C_LANGUAGE_STANDARD = gnu11;
				GCC_DYNAMIC_NO_PIC = NO;
				GCC_NO_COMMON_BLOCKS = YES;
				GCC_OPTIMIZATION_LEVEL = 0;
				GCC_PREPROCESSOR_DEFINITIONS = (
					"DEBUG=1",
					"$(inherited)",
				);
				GCC_WARN_64_TO_32_BIT_CONVERSION = YES;
				GCC_WARN_ABOUT_RETURN_TYPE = YES_ERROR;
				GCC_WARN_UNDECLARED_SELECTOR = YES;
				GCC_WARN_UNINITIALIZED_AUTOS = YES_AGGRESSIVE;
				GCC_WARN_UNUSED_FUNCTION = YES;
				GCC_WARN_UNUSED_VARIABLE = YES;
				MACOSX_DEPLOYMENT_TARGET = 11.3;
				MTL_ENABLE_DEBUG_INFO = INCLUDE_SOURCE;
				MTL_FAST_MATH = YES;
				ONLY_ACTIVE_ARCH = YES;
				SDKROOT = macosx;
				SWIFT_ACTIVE_COMPILATION_CONDITIONS = DEBUG;
				SWIFT_OPTIMIZATION_LEVEL = "-Onone";
			};
			name = Debug;
		};
		1858158126FB554E00BEA637 /* Release */ = {
			isa = XCBuildConfiguration;
			buildSettings = {
				ALWAYS_SEARCH_USER_PATHS = NO;
				CLANG_ANALYZER_NONNULL = YES;
				CLANG_ANALYZER_NUMBER_OBJECT_CONVERSION = YES_AGGRESSIVE;
				CLANG_CXX_LANGUAGE_STANDARD = "gnu++17";
				CLANG_CXX_LIBRARY = "libc++";
				CLANG_ENABLE_MODULES = YES;
				CLANG_ENABLE_OBJC_ARC = YES;
				CLANG_ENABLE_OBJC_WEAK = YES;
				CLANG_WARN_BLOCK_CAPTURE_AUTORELEASING = YES;
				CLANG_WARN_BOOL_CONVERSION = YES;
				CLANG_WARN_COMMA = YES;
				CLANG_WARN_CONSTANT_CONVERSION = YES;
				CLANG_WARN_DEPRECATED_OBJC_IMPLEMENTATIONS = YES;
				CLANG_WARN_DIRECT_OBJC_ISA_USAGE = YES_ERROR;
				CLANG_WARN_DOCUMENTATION_COMMENTS = YES;
				CLANG_WARN_EMPTY_BODY = YES;
				CLANG_WARN_ENUM_CONVERSION = YES;
				CLANG_WARN_INFINITE_RECURSION = YES;
				CLANG_WARN_INT_CONVERSION = YES;
				CLANG_WARN_NON_LITERAL_NULL_CONVERSION = YES;
				CLANG_WARN_OBJC_IMPLICIT_RETAIN_SELF = YES;
				CLANG_WARN_OBJC_LITERAL_CONVERSION = YES;
				CLANG_WARN_OBJC_ROOT_CLASS = YES_ERROR;
				CLANG_WARN_QUOTED_INCLUDE_IN_FRAMEWORK_HEADER = YES;
				CLANG_WARN_RANGE_LOOP_ANALYSIS = YES;
				CLANG_WARN_STRICT_PROTOTYPES = YES;
				CLANG_WARN_SUSPICIOUS_MOVE = YES;
				CLANG_WARN_UNGUARDED_AVAILABILITY = YES_AGGRESSIVE;
				CLANG_WARN_UNREACHABLE_CODE = YES;
				CLANG_WARN__DUPLICATE_METHOD_MATCH = YES;
				COPY_PHASE_STRIP = NO;
				DEBUG_INFORMATION_FORMAT = "dwarf-with-dsym";
				ENABLE_NS_ASSERTIONS = NO;
				ENABLE_STRICT_OBJC_MSGSEND = YES;
				GCC_C_LANGUAGE_STANDARD = gnu11;
				GCC_NO_COMMON_BLOCKS = YES;
				GCC_WARN_64_TO_32_BIT_CONVERSION = YES;
				GCC_WARN_ABOUT_RETURN_TYPE = YES_ERROR;
				GCC_WARN_UNDECLARED_SELECTOR = YES;
				GCC_WARN_UNINITIALIZED_AUTOS = YES_AGGRESSIVE;
				GCC_WARN_UNUSED_FUNCTION = YES;
				GCC_WARN_UNUSED_VARIABLE = YES;
				MACOSX_DEPLOYMENT_TARGET = 11.3;
				MTL_ENABLE_DEBUG_INFO = NO;
				MTL_FAST_MATH = YES;
				SDKROOT = macosx;
				SWIFT_COMPILATION_MODE = wholemodule;
				SWIFT_OPTIMIZATION_LEVEL = "-O";
			};
			name = Release;
		};
		1858158326FB554E00BEA637 /* Debug */ = {
			isa = XCBuildConfiguration;
			buildSettings = {
				ASSETCATALOG_COMPILER_APPICON_NAME = AppIcon;
				ASSETCATALOG_COMPILER_GLOBAL_ACCENT_COLOR_NAME = AccentColor;
				CODE_SIGN_ENTITLEMENTS = Furrow/Furrow.entitlements;
				CODE_SIGN_STYLE = Automatic;
				COMBINE_HIDPI_IMAGES = YES;
				CURRENT_PROJECT_VERSION = 1;
				ENABLE_PREVIEWS = YES;
				GENERATE_INFOPLIST_FILE = YES;
				INFOPLIST_FILE = Furrow/Info.plist;
				INFOPLIST_KEY_NSHumanReadableCopyright = "";
				LD_RUNPATH_SEARCH_PATHS = (
					"$(inherited)",
					"@executable_path/../Frameworks",
				);
				MACOSX_DEPLOYMENT_TARGET = 11.0;
				MARKETING_VERSION = 1.0;
				PRODUCT_BUNDLE_IDENTIFIER = com.so.Furrow;
				PRODUCT_NAME = "$(TARGET_NAME)";
				SWIFT_EMIT_LOC_STRINGS = YES;
				SWIFT_VERSION = 5.0;
			};
			name = Debug;
		};
		1858158426FB554E00BEA637 /* Release */ = {
			isa = XCBuildConfiguration;
			buildSettings = {
				ASSETCATALOG_COMPILER_APPICON_NAME = AppIcon;
				ASSETCATALOG_COMPILER_GLOBAL_ACCENT_COLOR_NAME = AccentColor;
				CODE_SIGN_ENTITLEMENTS = Furrow/Furrow.entitlements;
				CODE_SIGN_STYLE = Automatic;
				COMBINE_HIDPI_IMAGES = YES;
				CURRENT_PROJECT_VERSION = 1;
				ENABLE_PREVIEWS = YES;
				GENERATE_INFOPLIST_FILE = YES;
				INFOPLIST_FILE = Furrow/Info.plist;
				INFOPLIST_KEY_NSHumanReadableCopyright = "";
				LD_RUNPATH_SEARCH_PATHS = (
					"$(inherited)",
					"@executable_path/../Frameworks",
				);
				MACOSX_DEPLOYMENT_TARGET = 11.0;
				MARKETING_VERSION = 1.0;
				PRODUCT_BUNDLE_IDENTIFIER = com.so.Furrow;
				PRODUCT_NAME = "$(TARGET_NAME)";
				SWIFT_EMIT_LOC_STRINGS = YES;
				SWIFT_VERSION = 5.0;
			};
			name = Release;
		};
/* End XCBuildConfiguration section */

/* Begin XCConfigurationList section */
		1858156B26FB554C00BEA637 /* Build configuration list for PBXProject "Furrow" */ = {
			isa = XCConfigurationList;
			buildConfigurations = (
				1858158026FB554E00BEA637 /* Debug */,
				1858158126FB554E00BEA637 /* Release */,
			);
			defaultConfigurationIsVisible = 0;
			defaultConfigurationName = Release;
		};
		1858158226FB554E00BEA637 /* Build configuration list for PBXNativeTarget "Furrow" */ = {
			isa = XCConfigurationList;
			buildConfigurations = (
				1858158326FB554E00BEA637 /* Debug */,
				1858158426FB554E00BEA637 /* Release */,
			);
			defaultConfigurationIsVisible = 0;
			defaultConfigurationName = Release;
		};
/* End XCConfigurationList section */

/* Begin XCRemoteSwiftPackageReference section */
		180B603926FC7E34005304D1 /* XCRemoteSwiftPackageReference "PeakOperation" */ = {
			isa = XCRemoteSwiftPackageReference;
			repositoryURL = "git@github.com:3Squared/PeakOperation.git";
			requirement = {
				branch = feature/macos_compatability;
				kind = branch;
			};
		};
/* End XCRemoteSwiftPackageReference section */

/* Begin XCSwiftPackageProductDependency section */
		180B603A26FC7E34005304D1 /* PeakOperation */ = {
			isa = XCSwiftPackageProductDependency;
			package = 180B603926FC7E34005304D1 /* XCRemoteSwiftPackageReference "PeakOperation" */;
			productName = PeakOperation;
		};
		18598F0626FB609D00A65A3B /* Meadow */ = {
			isa = XCSwiftPackageProductDependency;
			productName = Meadow;
		};
		187CEA182703424A00506B05 /* Harvest */ = {
			isa = XCSwiftPackageProductDependency;
			productName = Harvest;
		};
/* End XCSwiftPackageProductDependency section */
	};
	rootObject = 1858156826FB554C00BEA637 /* Project object */;
}
